
Microsoft Visual Studio Solution File, Format Version 12.00
# Visual Studio Version 16
VisualStudioVersion = 16.0.30413.136
MinimumVisualStudioVersion = 10.0.40219.1
Project("{FAE04EC0-301F-11D3-BF4B-00C04F79EFBC}") = "Zork", "Zork\Zork.csproj", "{59B3EB79-9FBF-44EB-99E5-DEE26EE64881}"
EndProject
Global
	GlobalSection(SolutionConfigurationPlatforms) = preSolution
		Debug|Any CPU = Debug|Any CPU
		Release|Any CPU = Release|Any CPU
	EndGlobalSection
	GlobalSection(ProjectConfigurationPlatforms) = postSolution
		{59B3EB79-9FBF-44EB-99E5-DEE26EE64881}.Debug|Any CPU.ActiveCfg = Debug|Any CPU
		{59B3EB79-9FBF-44EB-99E5-DEE26EE64881}.Debug|Any CPU.Build.0 = Debug|Any CPU
		{59B3EB79-9FBF-44EB-99E5-DEE26EE64881}.Release|Any CPU.ActiveCfg = Release|Any CPU
		{59B3EB79-9FBF-44EB-99E5-DEE26EE64881}.Release|Any CPU.Build.0 = Release|Any CPU
	EndGlobalSection
	GlobalSection(SolutionProperties) = preSolution
		HideSolutionNode = FALSE
	EndGlobalSection
	GlobalSection(ExtensibilityGlobals) = postSolution
		SolutionGuid = {62A1D8C7-C11E-421C-B217-B4CE5F15B575}
	EndGlobalSection
EndGlobal
